
Microsoft Visual Studio Solution File, Format Version 12.00
# Visual Studio Version 17
VisualStudioVersion = 17.5.002.0
MinimumVisualStudioVersion = 10.0.40219.1
Project("{9A19103F-16F7-4668-BE54-9A1E7A4F7556}") = "ViteNET.React.Api", "vitenet-react-api.csproj", "{A7218389-87AE-4E26-B762-5EBB19EFCC17}"
EndProject
Global
	GlobalSection(SolutionConfigurationPlatforms) = preSolution
		Debug|Any CPU = Debug|Any CPU
		Release|Any CPU = Release|Any CPU
	EndGlobalSection
	GlobalSection(ProjectConfigurationPlatforms) = postSolution
		{A7218389-87AE-4E26-B762-5EBB19EFCC17}.Debug|Any CPU.ActiveCfg = Debug|Any CPU
		{A7218389-87AE-4E26-B762-5EBB19EFCC17}.Debug|Any CPU.Build.0 = Debug|Any CPU
		{A7218389-87AE-4E26-B762-5EBB19EFCC17}.Release|Any CPU.ActiveCfg = Release|Any CPU
		{A7218389-87AE-4E26-B762-5EBB19EFCC17}.Release|Any CPU.Build.0 = Release|Any CPU
	EndGlobalSection
	GlobalSection(SolutionProperties) = preSolution
		HideSolutionNode = FALSE
	EndGlobalSection
	GlobalSection(ExtensibilityGlobals) = postSolution
		SolutionGuid = {A1A5283F-3BD8-446E-8100-5855F0E31475}
	EndGlobalSection
EndGlobal
